
Microsoft Visual Studio Solution File, Format Version 12.00
# Visual Studio Version 17
VisualStudioVersion = 17.14.36127.28
MinimumVisualStudioVersion = 10.0.40219.1
Project("{FAE04EC0-301F-11D3-BF4B-00C04F79EFBC}") = "ConectaSOS.Controller", "ConectaSOS.Controller\ConectaSOS.Controller.csproj", "{2D819AA7-F3FD-451F-88E8-7460619D633A}"
EndProject
Project("{FAE04EC0-301F-11D3-BF4B-00C04F79EFBC}") = "ConectaSOS.Model", "ConectaSOS.Model\ConectaSOS.Model.csproj", "{FA8AB37A-6317-9A62-918E-D004A40B6EB8}"
EndProject
Project("{FAE04EC0-301F-11D3-BF4B-00C04F79EFBC}") = "ConectaSOS.Repository", "ConectaSOS.Repository\ConectaSOS.Repository.csproj", "{54EE6A84-1FFD-A491-1CC5-CC27CB54A48E}"
EndProject
Project("{FAE04EC0-301F-11D3-BF4B-00C04F79EFBC}") = "ConectaSOS.UI", "ConectaSOS.UI\ConectaSOS.UI.csproj", "{C2B565A3-D9A0-5BE4-440B-51538D66191D}"
EndProject
Global
	GlobalSection(SolutionConfigurationPlatforms) = preSolution
		Debug|Any CPU = Debug|Any CPU
		Release|Any CPU = Release|Any CPU
	EndGlobalSection
	GlobalSection(ProjectConfigurationPlatforms) = postSolution
		{2D819AA7-F3FD-451F-88E8-7460619D633A}.Debug|Any CPU.ActiveCfg = Debug|Any CPU
		{2D819AA7-F3FD-451F-88E8-7460619D633A}.Debug|Any CPU.Build.0 = Debug|Any CPU
		{2D819AA7-F3FD-451F-88E8-7460619D633A}.Release|Any CPU.ActiveCfg = Release|Any CPU
		{2D819AA7-F3FD-451F-88E8-7460619D633A}.Release|Any CPU.Build.0 = Release|Any CPU
		{FA8AB37A-6317-9A62-918E-D004A40B6EB8}.Debug|Any CPU.ActiveCfg = Debug|Any CPU
		{FA8AB37A-6317-9A62-918E-D004A40B6EB8}.Debug|Any CPU.Build.0 = Debug|Any CPU
		{FA8AB37A-6317-9A62-918E-D004A40B6EB8}.Release|Any CPU.ActiveCfg = Release|Any CPU
		{FA8AB37A-6317-9A62-918E-D004A40B6EB8}.Release|Any CPU.Build.0 = Release|Any CPU
		{54EE6A84-1FFD-A491-1CC5-CC27CB54A48E}.Debug|Any CPU.ActiveCfg = Debug|Any CPU
		{54EE6A84-1FFD-A491-1CC5-CC27CB54A48E}.Debug|Any CPU.Build.0 = Debug|Any CPU
		{54EE6A84-1FFD-A491-1CC5-CC27CB54A48E}.Release|Any CPU.ActiveCfg = Release|Any CPU
		{54EE6A84-1FFD-A491-1CC5-CC27CB54A48E}.Release|Any CPU.Build.0 = Release|Any CPU
		{C2B565A3-D9A0-5BE4-440B-51538D66191D}.Debug|Any CPU.ActiveCfg = Debug|Any CPU
		{C2B565A3-D9A0-5BE4-440B-51538D66191D}.Debug|Any CPU.Build.0 = Debug|Any CPU
		{C2B565A3-D9A0-5BE4-440B-51538D66191D}.Release|Any CPU.ActiveCfg = Release|Any CPU
		{C2B565A3-D9A0-5BE4-440B-51538D66191D}.Release|Any CPU.Build.0 = Release|Any CPU
	EndGlobalSection
	GlobalSection(SolutionProperties) = preSolution
		HideSolutionNode = FALSE
	EndGlobalSection
	GlobalSection(ExtensibilityGlobals) = postSolution
		SolutionGuid = {07E2DFC1-6E40-46C0-A58E-DD0E9C4FDE3C}
	EndGlobalSection
EndGlobal
